
Microsoft Visual Studio Solution File, Format Version 12.00
# Visual Studio Version 16
VisualStudioVersion = 16.0.30309.148
MinimumVisualStudioVersion = 10.0.40219.1
Project("{8BC9CEB8-8B4A-11D0-8D11-00A0C91BC942}") = "02052020dz", "02052020dz.vcxproj", "{16012E3A-2CF2-4605-8A7A-60578DE2E426}"
EndProject
Global
	GlobalSection(SolutionConfigurationPlatforms) = preSolution
		Debug|x64 = Debug|x64
		Debug|x86 = Debug|x86
		Release|x64 = Release|x64
		Release|x86 = Release|x86
	EndGlobalSection
	GlobalSection(ProjectConfigurationPlatforms) = postSolution
		{16012E3A-2CF2-4605-8A7A-60578DE2E426}.Debug|x64.ActiveCfg = Debug|x64
		{16012E3A-2CF2-4605-8A7A-60578DE2E426}.Debug|x64.Build.0 = Debug|x64
		{16012E3A-2CF2-4605-8A7A-60578DE2E426}.Debug|x86.ActiveCfg = Debug|Win32
		{16012E3A-2CF2-4605-8A7A-60578DE2E426}.Debug|x86.Build.0 = Debug|Win32
		{16012E3A-2CF2-4605-8A7A-60578DE2E426}.Release|x64.ActiveCfg = Release|x64
		{16012E3A-2CF2-4605-8A7A-60578DE2E426}.Release|x64.Build.0 = Release|x64
		{16012E3A-2CF2-4605-8A7A-60578DE2E426}.Release|x86.ActiveCfg = Release|Win32
		{16012E3A-2CF2-4605-8A7A-60578DE2E426}.Release|x86.Build.0 = Release|Win32
	EndGlobalSection
	GlobalSection(SolutionProperties) = preSolution
		HideSolutionNode = FALSE
	EndGlobalSection
	GlobalSection(ExtensibilityGlobals) = postSolution
		SolutionGuid = {3A8E89B2-9342-4AD2-85E4-844B9F017B72}
	EndGlobalSection
EndGlobal
